{
  "version": 4,
  "terraform_version": "1.3.2",
  "serial": 144,
  "lineage": "3f458fe2-b514-371f-a99d-98303566676a",
  "outputs": {},
  "resources": [
    {
      "mode": "managed",
      "type": "google_compute_firewall",
      "name": "frontend_rules",
      "provider": "provider[\"registry.terraform.io/hashicorp/google\"]",
      "instances": [
        {
          "schema_version": 1,
          "attributes": {
            "allow": [
              {
                "ports": [
                  "80",
                  "443"
                ],
                "protocol": "tcp"
              }
            ],
            "creation_timestamp": "2022-11-04T03:11:28.819-07:00",
            "deny": [],
            "description": "",
            "destination_ranges": [],
            "direction": "INGRESS",
            "disabled": false,
            "enable_logging": null,
            "id": "projects/agist-22-23-website-96742/global/firewalls/frontend",
            "log_config": [],
            "name": "frontend",
            "network": "https://www.googleapis.com/compute/v1/projects/agist-22-23-website-96742/global/networks/default",
            "priority": 1000,
            "project": "agist-22-23-website-96742",
            "self_link": "https://www.googleapis.com/compute/v1/projects/agist-22-23-website-96742/global/firewalls/frontend",
            "source_ranges": [
              "0.0.0.0/0"
            ],
            "source_service_accounts": [],
            "source_tags": [],
            "target_service_accounts": [],
            "target_tags": [
              "http123"
            ],
            "timeouts": null
          },
          "sensitive_attributes": [],
          "private": "eyJlMmJmYjczMC1lY2FhLTExZTYtOGY4OC0zNDM2M2JjN2M0YzAiOnsiY3JlYXRlIjoxMjAwMDAwMDAwMDAwLCJkZWxldGUiOjEyMDAwMDAwMDAwMDAsInVwZGF0ZSI6MTIwMDAwMDAwMDAwMH0sInNjaGVtYV92ZXJzaW9uIjoiMSJ9"
        }
      ]
    }
  ],
  "check_results": []
}
