{
  "version": 4,
  "terraform_version": "1.3.2",
  "serial": 47,
  "lineage": "8d098fa1-2388-b250-9d5f-00ac6bb3a198",
  "outputs": {
    "bootstorage": {
      "value": "35.246.71.29",
      "type": "string"
    },
    "expressed": {
      "value": "34.105.150.214",
      "type": "string"
    },
    "happy": {
      "value": "34.89.27.26",
      "type": "string"
    },
    "vue": {
      "value": "34.105.139.84",
      "type": "string"
    }
  },
  "resources": [
    {
      "mode": "managed",
      "type": "google_compute_firewall",
      "name": "frontend_rules",
      "provider": "provider[\"registry.terraform.io/hashicorp/google\"]",
      "instances": [
        {
          "schema_version": 1,
          "attributes": {
            "allow": [
              {
                "ports": [
                  "80",
                  "443"
                ],
                "protocol": "tcp"
              }
            ],
            "creation_timestamp": "2022-11-04T09:43:23.829-07:00",
            "deny": [],
            "description": "",
            "destination_ranges": [],
            "direction": "INGRESS",
            "disabled": false,
            "enable_logging": null,
            "id": "projects/agisit-2223-website-90792/global/firewalls/frontend",
            "log_config": [],
            "name": "frontend",
            "network": "https://www.googleapis.com/compute/v1/projects/agisit-2223-website-90792/global/networks/default",
            "priority": 1000,
            "project": "agisit-2223-website-90792",
            "self_link": "https://www.googleapis.com/compute/v1/projects/agisit-2223-website-90792/global/firewalls/frontend",
            "source_ranges": [
              "0.0.0.0/0"
            ],
            "source_service_accounts": [],
            "source_tags": [],
            "target_service_accounts": [],
            "target_tags": [
              "http123"
            ],
            "timeouts": null
          },
          "sensitive_attributes": [],
          "private": "eyJlMmJmYjczMC1lY2FhLTExZTYtOGY4OC0zNDM2M2JjN2M0YzAiOnsiY3JlYXRlIjoxMjAwMDAwMDAwMDAwLCJkZWxldGUiOjEyMDAwMDAwMDAwMDAsInVwZGF0ZSI6MTIwMDAwMDAwMDAwMH0sInNjaGVtYV92ZXJzaW9uIjoiMSJ9"
        }
      ]
    },
    {
      "mode": "managed",
      "type": "google_compute_instance",
      "name": "bootstorage",
      "provider": "provider[\"registry.terraform.io/hashicorp/google\"]",
      "instances": [
        {
          "schema_version": 6,
          "attributes": {
            "advanced_machine_features": [],
            "allow_stopping_for_update": null,
            "attached_disk": [],
            "boot_disk": [
              {
                "auto_delete": true,
                "device_name": "persistent-disk-0",
                "disk_encryption_key_raw": "",
                "disk_encryption_key_sha256": "",
                "initialize_params": [
                  {
                    "image": "https://www.googleapis.com/compute/v1/projects/ubuntu-os-cloud/global/images/ubuntu-2004-focal-v20221018",
                    "labels": {},
                    "size": 10,
                    "type": "pd-standard"
                  }
                ],
                "kms_key_self_link": "",
                "mode": "READ_WRITE",
                "source": "https://www.googleapis.com/compute/v1/projects/agisit-2223-website-90792/zones/europe-west2-c/disks/bootstorage"
              }
            ],
            "can_ip_forward": false,
            "confidential_instance_config": [],
            "cpu_platform": "Intel Broadwell",
            "current_status": "RUNNING",
            "deletion_protection": false,
            "description": "",
            "desired_status": null,
            "enable_display": false,
            "guest_accelerator": [],
            "hostname": "",
            "id": "projects/agisit-2223-website-90792/zones/europe-west2-c/instances/bootstorage",
            "instance_id": "7651437215411142595",
            "label_fingerprint": "42WmSpB8rSM=",
            "labels": null,
            "machine_type": "n1-standard-1",
            "metadata": {
              "ssh-keys": "ubuntu:ssh-rsa AAAAB3NzaC1yc2EAAAADAQABAAACAQCYQk6cEpaHzEUms854EWuau9dQ+j/ucHT+hiV9oklnled73D+9Z2EUm4zJWqukEVeMA37qPEv5qAP8Kqtr8xYUuWvbj97uDa4Adk5LbtE5p9/Kk6jJ475yqYQT1KVZZ4SYY3+kkKx76hsg3ODWZ9vl9yCti2XaL9/Ax9yLZYuf7MlZC5mmIUU8M1u5ru5EQi9WhpdsTSOGeLHUQL65xp4jhVpl/9u5smdJRUJdlLNeB6TdLaBOhUFXldH9xcz5LeSW1FV3CgDXLV2NQuu7aP3dY0yz5B7mZEBB2kzpV3x//dAUit7MuxqpQ6R2MABO4i4JHcjTI+UtT62SMXVPqo9Io/XYGcUbqEN+4Ac+s8HC5SImMVio3GQNJiQzKzMAZJ6XO9sWlIZmd8dGKjUwKzTYscfIb9fyHL4sbct3bvkzjqI4Ea6GalKTlgOrJtyd+BU2MAg+3kkPKnPoy1CBFFAnJUHhdxBfwi2zIwfAjHjQOGpc8L8XhD8mw7yEnkPPrui7YMo4K8/0THQdGkemLLtRQhI0tuQKeHPL3vggCagrfOw/XwbYJk6n3XUbw4mKSeMs+PJRDVEnJbI3OOCPlUD6s+aeMXVBRXa0UR4kkeUY5fcSM/TJX2OhC6lXAfDBX/U0dUGglrGIwRtE1hw1f1Ne9SD0bEh5D1NLPH6D/JtYGQ== vagrant@mgmt\n"
            },
            "metadata_fingerprint": "MJmaiH3yukU=",
            "metadata_startup_script": null,
            "min_cpu_platform": "",
            "name": "bootstorage",
            "network_interface": [
              {
                "access_config": [
                  {
                    "nat_ip": "35.246.71.29",
                    "network_tier": "PREMIUM",
                    "public_ptr_domain_name": ""
                  }
                ],
                "alias_ip_range": [],
                "ipv6_access_config": [],
                "ipv6_access_type": "",
                "name": "nic0",
                "network": "https://www.googleapis.com/compute/v1/projects/agisit-2223-website-90792/global/networks/default",
                "network_ip": "10.154.0.10",
                "nic_type": "",
                "queue_count": 0,
                "stack_type": "IPV4_ONLY",
                "subnetwork": "https://www.googleapis.com/compute/v1/projects/agisit-2223-website-90792/regions/europe-west2/subnetworks/default",
                "subnetwork_project": "agisit-2223-website-90792"
              }
            ],
            "project": "agisit-2223-website-90792",
            "reservation_affinity": [],
            "resource_policies": null,
            "scheduling": [
              {
                "automatic_restart": true,
                "instance_termination_action": "",
                "min_node_cpus": 0,
                "node_affinities": [],
                "on_host_maintenance": "MIGRATE",
                "preemptible": false,
                "provisioning_model": "STANDARD"
              }
            ],
            "scratch_disk": [],
            "self_link": "https://www.googleapis.com/compute/v1/projects/agisit-2223-website-90792/zones/europe-west2-c/instances/bootstorage",
            "service_account": [],
            "shielded_instance_config": [
              {
                "enable_integrity_monitoring": true,
                "enable_secure_boot": false,
                "enable_vtpm": true
              }
            ],
            "tags": [
              "bootstorage",
              "http123"
            ],
            "tags_fingerprint": "IT-sxY0hwIo=",
            "timeouts": null,
            "zone": "europe-west2-c"
          },
          "sensitive_attributes": [],
          "private": "eyJlMmJmYjczMC1lY2FhLTExZTYtOGY4OC0zNDM2M2JjN2M0YzAiOnsiY3JlYXRlIjoxMjAwMDAwMDAwMDAwLCJkZWxldGUiOjEyMDAwMDAwMDAwMDAsInVwZGF0ZSI6MTIwMDAwMDAwMDAwMH0sInNjaGVtYV92ZXJzaW9uIjoiNiJ9"
        }
      ]
    },
    {
      "mode": "managed",
      "type": "google_compute_instance",
      "name": "expressed",
      "provider": "provider[\"registry.terraform.io/hashicorp/google\"]",
      "instances": [
        {
          "schema_version": 6,
          "attributes": {
            "advanced_machine_features": [],
            "allow_stopping_for_update": null,
            "attached_disk": [],
            "boot_disk": [
              {
                "auto_delete": true,
                "device_name": "persistent-disk-0",
                "disk_encryption_key_raw": "",
                "disk_encryption_key_sha256": "",
                "initialize_params": [
                  {
                    "image": "https://www.googleapis.com/compute/v1/projects/ubuntu-os-cloud/global/images/ubuntu-2004-focal-v20221018",
                    "labels": {},
                    "size": 10,
                    "type": "pd-standard"
                  }
                ],
                "kms_key_self_link": "",
                "mode": "READ_WRITE",
                "source": "https://www.googleapis.com/compute/v1/projects/agisit-2223-website-90792/zones/europe-west2-c/disks/expressed"
              }
            ],
            "can_ip_forward": false,
            "confidential_instance_config": [],
            "cpu_platform": "Intel Broadwell",
            "current_status": "RUNNING",
            "deletion_protection": false,
            "description": "",
            "desired_status": null,
            "enable_display": false,
            "guest_accelerator": [],
            "hostname": "",
            "id": "projects/agisit-2223-website-90792/zones/europe-west2-c/instances/expressed",
            "instance_id": "7772463617081409475",
            "label_fingerprint": "42WmSpB8rSM=",
            "labels": null,
            "machine_type": "n1-standard-1",
            "metadata": {
              "ssh-keys": "ubuntu:ssh-rsa AAAAB3NzaC1yc2EAAAADAQABAAACAQCYQk6cEpaHzEUms854EWuau9dQ+j/ucHT+hiV9oklnled73D+9Z2EUm4zJWqukEVeMA37qPEv5qAP8Kqtr8xYUuWvbj97uDa4Adk5LbtE5p9/Kk6jJ475yqYQT1KVZZ4SYY3+kkKx76hsg3ODWZ9vl9yCti2XaL9/Ax9yLZYuf7MlZC5mmIUU8M1u5ru5EQi9WhpdsTSOGeLHUQL65xp4jhVpl/9u5smdJRUJdlLNeB6TdLaBOhUFXldH9xcz5LeSW1FV3CgDXLV2NQuu7aP3dY0yz5B7mZEBB2kzpV3x//dAUit7MuxqpQ6R2MABO4i4JHcjTI+UtT62SMXVPqo9Io/XYGcUbqEN+4Ac+s8HC5SImMVio3GQNJiQzKzMAZJ6XO9sWlIZmd8dGKjUwKzTYscfIb9fyHL4sbct3bvkzjqI4Ea6GalKTlgOrJtyd+BU2MAg+3kkPKnPoy1CBFFAnJUHhdxBfwi2zIwfAjHjQOGpc8L8XhD8mw7yEnkPPrui7YMo4K8/0THQdGkemLLtRQhI0tuQKeHPL3vggCagrfOw/XwbYJk6n3XUbw4mKSeMs+PJRDVEnJbI3OOCPlUD6s+aeMXVBRXa0UR4kkeUY5fcSM/TJX2OhC6lXAfDBX/U0dUGglrGIwRtE1hw1f1Ne9SD0bEh5D1NLPH6D/JtYGQ== vagrant@mgmt\n"
            },
            "metadata_fingerprint": "MJmaiH3yukU=",
            "metadata_startup_script": null,
            "min_cpu_platform": "",
            "name": "expressed",
            "network_interface": [
              {
                "access_config": [
                  {
                    "nat_ip": "34.105.150.214",
                    "network_tier": "PREMIUM",
                    "public_ptr_domain_name": ""
                  }
                ],
                "alias_ip_range": [],
                "ipv6_access_config": [],
                "ipv6_access_type": "",
                "name": "nic0",
                "network": "https://www.googleapis.com/compute/v1/projects/agisit-2223-website-90792/global/networks/default",
                "network_ip": "10.154.0.11",
                "nic_type": "",
                "queue_count": 0,
                "stack_type": "IPV4_ONLY",
                "subnetwork": "https://www.googleapis.com/compute/v1/projects/agisit-2223-website-90792/regions/europe-west2/subnetworks/default",
                "subnetwork_project": "agisit-2223-website-90792"
              }
            ],
            "project": "agisit-2223-website-90792",
            "reservation_affinity": [],
            "resource_policies": null,
            "scheduling": [
              {
                "automatic_restart": true,
                "instance_termination_action": "",
                "min_node_cpus": 0,
                "node_affinities": [],
                "on_host_maintenance": "MIGRATE",
                "preemptible": false,
                "provisioning_model": "STANDARD"
              }
            ],
            "scratch_disk": [],
            "self_link": "https://www.googleapis.com/compute/v1/projects/agisit-2223-website-90792/zones/europe-west2-c/instances/expressed",
            "service_account": [],
            "shielded_instance_config": [
              {
                "enable_integrity_monitoring": true,
                "enable_secure_boot": false,
                "enable_vtpm": true
              }
            ],
            "tags": [
              "expressed",
              "http123"
            ],
            "tags_fingerprint": "Ob8sY9zZOqY=",
            "timeouts": null,
            "zone": "europe-west2-c"
          },
          "sensitive_attributes": [],
          "private": "eyJlMmJmYjczMC1lY2FhLTExZTYtOGY4OC0zNDM2M2JjN2M0YzAiOnsiY3JlYXRlIjoxMjAwMDAwMDAwMDAwLCJkZWxldGUiOjEyMDAwMDAwMDAwMDAsInVwZGF0ZSI6MTIwMDAwMDAwMDAwMH0sInNjaGVtYV92ZXJzaW9uIjoiNiJ9"
        }
      ]
    },
    {
      "mode": "managed",
      "type": "google_compute_instance",
      "name": "happy",
      "provider": "provider[\"registry.terraform.io/hashicorp/google\"]",
      "instances": [
        {
          "schema_version": 6,
          "attributes": {
            "advanced_machine_features": [],
            "allow_stopping_for_update": null,
            "attached_disk": [],
            "boot_disk": [
              {
                "auto_delete": true,
                "device_name": "persistent-disk-0",
                "disk_encryption_key_raw": "",
                "disk_encryption_key_sha256": "",
                "initialize_params": [
                  {
                    "image": "https://www.googleapis.com/compute/v1/projects/ubuntu-os-cloud/global/images/ubuntu-2004-focal-v20221018",
                    "labels": {},
                    "size": 10,
                    "type": "pd-standard"
                  }
                ],
                "kms_key_self_link": "",
                "mode": "READ_WRITE",
                "source": "https://www.googleapis.com/compute/v1/projects/agisit-2223-website-90792/zones/europe-west2-c/disks/happy"
              }
            ],
            "can_ip_forward": false,
            "confidential_instance_config": [],
            "cpu_platform": "Intel Broadwell",
            "current_status": "RUNNING",
            "deletion_protection": false,
            "description": "",
            "desired_status": null,
            "enable_display": false,
            "guest_accelerator": [],
            "hostname": "",
            "id": "projects/agisit-2223-website-90792/zones/europe-west2-c/instances/happy",
            "instance_id": "3769499886132199362",
            "label_fingerprint": "42WmSpB8rSM=",
            "labels": null,
            "machine_type": "n1-standard-1",
            "metadata": {
              "ssh-keys": "ubuntu:ssh-rsa AAAAB3NzaC1yc2EAAAADAQABAAACAQCYQk6cEpaHzEUms854EWuau9dQ+j/ucHT+hiV9oklnled73D+9Z2EUm4zJWqukEVeMA37qPEv5qAP8Kqtr8xYUuWvbj97uDa4Adk5LbtE5p9/Kk6jJ475yqYQT1KVZZ4SYY3+kkKx76hsg3ODWZ9vl9yCti2XaL9/Ax9yLZYuf7MlZC5mmIUU8M1u5ru5EQi9WhpdsTSOGeLHUQL65xp4jhVpl/9u5smdJRUJdlLNeB6TdLaBOhUFXldH9xcz5LeSW1FV3CgDXLV2NQuu7aP3dY0yz5B7mZEBB2kzpV3x//dAUit7MuxqpQ6R2MABO4i4JHcjTI+UtT62SMXVPqo9Io/XYGcUbqEN+4Ac+s8HC5SImMVio3GQNJiQzKzMAZJ6XO9sWlIZmd8dGKjUwKzTYscfIb9fyHL4sbct3bvkzjqI4Ea6GalKTlgOrJtyd+BU2MAg+3kkPKnPoy1CBFFAnJUHhdxBfwi2zIwfAjHjQOGpc8L8XhD8mw7yEnkPPrui7YMo4K8/0THQdGkemLLtRQhI0tuQKeHPL3vggCagrfOw/XwbYJk6n3XUbw4mKSeMs+PJRDVEnJbI3OOCPlUD6s+aeMXVBRXa0UR4kkeUY5fcSM/TJX2OhC6lXAfDBX/U0dUGglrGIwRtE1hw1f1Ne9SD0bEh5D1NLPH6D/JtYGQ== vagrant@mgmt\n"
            },
            "metadata_fingerprint": "MJmaiH3yukU=",
            "metadata_startup_script": null,
            "min_cpu_platform": "",
            "name": "happy",
            "network_interface": [
              {
                "access_config": [
                  {
                    "nat_ip": "34.89.27.26",
                    "network_tier": "PREMIUM",
                    "public_ptr_domain_name": ""
                  }
                ],
                "alias_ip_range": [],
                "ipv6_access_config": [],
                "ipv6_access_type": "",
                "name": "nic0",
                "network": "https://www.googleapis.com/compute/v1/projects/agisit-2223-website-90792/global/networks/default",
                "network_ip": "10.154.0.13",
                "nic_type": "",
                "queue_count": 0,
                "stack_type": "IPV4_ONLY",
                "subnetwork": "https://www.googleapis.com/compute/v1/projects/agisit-2223-website-90792/regions/europe-west2/subnetworks/default",
                "subnetwork_project": "agisit-2223-website-90792"
              }
            ],
            "project": "agisit-2223-website-90792",
            "reservation_affinity": [],
            "resource_policies": null,
            "scheduling": [
              {
                "automatic_restart": true,
                "instance_termination_action": "",
                "min_node_cpus": 0,
                "node_affinities": [],
                "on_host_maintenance": "MIGRATE",
                "preemptible": false,
                "provisioning_model": "STANDARD"
              }
            ],
            "scratch_disk": [],
            "self_link": "https://www.googleapis.com/compute/v1/projects/agisit-2223-website-90792/zones/europe-west2-c/instances/happy",
            "service_account": [],
            "shielded_instance_config": [
              {
                "enable_integrity_monitoring": true,
                "enable_secure_boot": false,
                "enable_vtpm": true
              }
            ],
            "tags": [
              "happy",
              "http123"
            ],
            "tags_fingerprint": "Qeb5EJWolZU=",
            "timeouts": null,
            "zone": "europe-west2-c"
          },
          "sensitive_attributes": [],
          "private": "eyJlMmJmYjczMC1lY2FhLTExZTYtOGY4OC0zNDM2M2JjN2M0YzAiOnsiY3JlYXRlIjoxMjAwMDAwMDAwMDAwLCJkZWxldGUiOjEyMDAwMDAwMDAwMDAsInVwZGF0ZSI6MTIwMDAwMDAwMDAwMH0sInNjaGVtYV92ZXJzaW9uIjoiNiJ9"
        }
      ]
    },
    {
      "mode": "managed",
      "type": "google_compute_instance",
      "name": "vue",
      "provider": "provider[\"registry.terraform.io/hashicorp/google\"]",
      "instances": [
        {
          "schema_version": 6,
          "attributes": {
            "advanced_machine_features": [],
            "allow_stopping_for_update": null,
            "attached_disk": [],
            "boot_disk": [
              {
                "auto_delete": true,
                "device_name": "persistent-disk-0",
                "disk_encryption_key_raw": "",
                "disk_encryption_key_sha256": "",
                "initialize_params": [
                  {
                    "image": "https://www.googleapis.com/compute/v1/projects/ubuntu-os-cloud/global/images/ubuntu-2004-focal-v20221018",
                    "labels": {},
                    "size": 10,
                    "type": "pd-standard"
                  }
                ],
                "kms_key_self_link": "",
                "mode": "READ_WRITE",
                "source": "https://www.googleapis.com/compute/v1/projects/agisit-2223-website-90792/zones/europe-west2-c/disks/vue"
              }
            ],
            "can_ip_forward": false,
            "confidential_instance_config": [],
            "cpu_platform": "Intel Broadwell",
            "current_status": "RUNNING",
            "deletion_protection": false,
            "description": "",
            "desired_status": null,
            "enable_display": false,
            "guest_accelerator": [],
            "hostname": "",
            "id": "projects/agisit-2223-website-90792/zones/europe-west2-c/instances/vue",
            "instance_id": "1966657109886566339",
            "label_fingerprint": "42WmSpB8rSM=",
            "labels": null,
            "machine_type": "n1-standard-1",
            "metadata": {
              "ssh-keys": "ubuntu:ssh-rsa AAAAB3NzaC1yc2EAAAADAQABAAACAQCYQk6cEpaHzEUms854EWuau9dQ+j/ucHT+hiV9oklnled73D+9Z2EUm4zJWqukEVeMA37qPEv5qAP8Kqtr8xYUuWvbj97uDa4Adk5LbtE5p9/Kk6jJ475yqYQT1KVZZ4SYY3+kkKx76hsg3ODWZ9vl9yCti2XaL9/Ax9yLZYuf7MlZC5mmIUU8M1u5ru5EQi9WhpdsTSOGeLHUQL65xp4jhVpl/9u5smdJRUJdlLNeB6TdLaBOhUFXldH9xcz5LeSW1FV3CgDXLV2NQuu7aP3dY0yz5B7mZEBB2kzpV3x//dAUit7MuxqpQ6R2MABO4i4JHcjTI+UtT62SMXVPqo9Io/XYGcUbqEN+4Ac+s8HC5SImMVio3GQNJiQzKzMAZJ6XO9sWlIZmd8dGKjUwKzTYscfIb9fyHL4sbct3bvkzjqI4Ea6GalKTlgOrJtyd+BU2MAg+3kkPKnPoy1CBFFAnJUHhdxBfwi2zIwfAjHjQOGpc8L8XhD8mw7yEnkPPrui7YMo4K8/0THQdGkemLLtRQhI0tuQKeHPL3vggCagrfOw/XwbYJk6n3XUbw4mKSeMs+PJRDVEnJbI3OOCPlUD6s+aeMXVBRXa0UR4kkeUY5fcSM/TJX2OhC6lXAfDBX/U0dUGglrGIwRtE1hw1f1Ne9SD0bEh5D1NLPH6D/JtYGQ== vagrant@mgmt\n"
            },
            "metadata_fingerprint": "MJmaiH3yukU=",
            "metadata_startup_script": null,
            "min_cpu_platform": "",
            "name": "vue",
            "network_interface": [
              {
                "access_config": [
                  {
                    "nat_ip": "34.105.139.84",
                    "network_tier": "PREMIUM",
                    "public_ptr_domain_name": ""
                  }
                ],
                "alias_ip_range": [],
                "ipv6_access_config": [],
                "ipv6_access_type": "",
                "name": "nic0",
                "network": "https://www.googleapis.com/compute/v1/projects/agisit-2223-website-90792/global/networks/default",
                "network_ip": "10.154.0.12",
                "nic_type": "",
                "queue_count": 0,
                "stack_type": "IPV4_ONLY",
                "subnetwork": "https://www.googleapis.com/compute/v1/projects/agisit-2223-website-90792/regions/europe-west2/subnetworks/default",
                "subnetwork_project": "agisit-2223-website-90792"
              }
            ],
            "project": "agisit-2223-website-90792",
            "reservation_affinity": [],
            "resource_policies": null,
            "scheduling": [
              {
                "automatic_restart": true,
                "instance_termination_action": "",
                "min_node_cpus": 0,
                "node_affinities": [],
                "on_host_maintenance": "MIGRATE",
                "preemptible": false,
                "provisioning_model": "STANDARD"
              }
            ],
            "scratch_disk": [],
            "self_link": "https://www.googleapis.com/compute/v1/projects/agisit-2223-website-90792/zones/europe-west2-c/instances/vue",
            "service_account": [],
            "shielded_instance_config": [
              {
                "enable_integrity_monitoring": true,
                "enable_secure_boot": false,
                "enable_vtpm": true
              }
            ],
            "tags": [
              "http123",
              "vue"
            ],
            "tags_fingerprint": "-NxZnKZYVy0=",
            "timeouts": null,
            "zone": "europe-west2-c"
          },
          "sensitive_attributes": [],
          "private": "eyJlMmJmYjczMC1lY2FhLTExZTYtOGY4OC0zNDM2M2JjN2M0YzAiOnsiY3JlYXRlIjoxMjAwMDAwMDAwMDAwLCJkZWxldGUiOjEyMDAwMDAwMDAwMDAsInVwZGF0ZSI6MTIwMDAwMDAwMDAwMH0sInNjaGVtYV92ZXJzaW9uIjoiNiJ9"
        }
      ]
    }
  ],
  "check_results": []
}
